
Microsoft Visual Studio Solution File, Format Version 12.00
# Visual Studio Version 17
VisualStudioVersion = 17.14.36623.8
MinimumVisualStudioVersion = 10.0.40219.1
Project("{FAE04EC0-301F-11D3-BF4B-00C04F79EFBC}") = "ShaluAcxiom", "ShaluAcxiom.csproj", "{10A7AF00-1FF8-498A-AC3D-152B24793A8B}"
EndProject
Global
	GlobalSection(SolutionConfigurationPlatforms) = preSolution
		Debug|Any CPU = Debug|Any CPU
		Release|Any CPU = Release|Any CPU
	EndGlobalSection
	GlobalSection(ProjectConfigurationPlatforms) = postSolution
		{10A7AF00-1FF8-498A-AC3D-152B24793A8B}.Debug|Any CPU.ActiveCfg = Debug|Any CPU
		{10A7AF00-1FF8-498A-AC3D-152B24793A8B}.Debug|Any CPU.Build.0 = Debug|Any CPU
		{10A7AF00-1FF8-498A-AC3D-152B24793A8B}.Release|Any CPU.ActiveCfg = Release|Any CPU
		{10A7AF00-1FF8-498A-AC3D-152B24793A8B}.Release|Any CPU.Build.0 = Release|Any CPU
	EndGlobalSection
	GlobalSection(SolutionProperties) = preSolution
		HideSolutionNode = FALSE
	EndGlobalSection
	GlobalSection(ExtensibilityGlobals) = postSolution
		SolutionGuid = {C12EECBC-AB80-44AB-A663-3105279D8BE8}
	EndGlobalSection
EndGlobal
